
Microsoft Visual Studio Solution File, Format Version 12.00
# Visual Studio Version 17
VisualStudioVersion = 17.5.002.0
MinimumVisualStudioVersion = 10.0.40219.1
Project("{2150E333-8FDC-42A3-9474-1A3956D46DE8}") = "proyectosDotnet", "proyectosDotnet", "{12042130-302E-4C58-983A-3CC16B1980FE}"
EndProject
Project("{9A19103F-16F7-4668-BE54-9A1E7A4F7556}") = "teoria1", "proyectosDotnet\teoria1\teoria1.csproj", "{92826FFA-4D82-4C5E-8C07-5FD1929A7129}"
EndProject
Global
	GlobalSection(SolutionConfigurationPlatforms) = preSolution
		Debug|Any CPU = Debug|Any CPU
		Release|Any CPU = Release|Any CPU
	EndGlobalSection
	GlobalSection(ProjectConfigurationPlatforms) = postSolution
		{92826FFA-4D82-4C5E-8C07-5FD1929A7129}.Debug|Any CPU.ActiveCfg = Debug|Any CPU
		{92826FFA-4D82-4C5E-8C07-5FD1929A7129}.Debug|Any CPU.Build.0 = Debug|Any CPU
		{92826FFA-4D82-4C5E-8C07-5FD1929A7129}.Release|Any CPU.ActiveCfg = Release|Any CPU
		{92826FFA-4D82-4C5E-8C07-5FD1929A7129}.Release|Any CPU.Build.0 = Release|Any CPU
	EndGlobalSection
	GlobalSection(SolutionProperties) = preSolution
		HideSolutionNode = FALSE
	EndGlobalSection
	GlobalSection(NestedProjects) = preSolution
		{92826FFA-4D82-4C5E-8C07-5FD1929A7129} = {12042130-302E-4C58-983A-3CC16B1980FE}
	EndGlobalSection
	GlobalSection(ExtensibilityGlobals) = postSolution
		SolutionGuid = {DC37CA9D-835B-4C30-9E55-8D59A2EA1119}
	EndGlobalSection
EndGlobal
